// !$*UTF8*$!
{
	archiveVersion = 1;
	classes = {
	};
	objectVersion = 46;
	objects = {

/* Begin PBXBuildFile section */
		BEFD8B901E38FE7200214357 /* main.swift in Sources */ = {isa = PBXBuildFile; fileRef = BEFD8B8F1E38FE7200214357 /* main.swift */; };
		BEFD8B991E38FE8B00214357 /* Kraken.swift in Sources */ = {isa = PBXBuildFile; fileRef = BEFD8B961E38FE8B00214357 /* Kraken.swift */; };
		BEFD8B9A1E38FE8B00214357 /* LossOfLimbDelegate.swift in Sources */ = {isa = PBXBuildFile; fileRef = BEFD8B971E38FE8B00214357 /* LossOfLimbDelegate.swift */; };
		BEFD8B9B1E38FE8B00214357 /* Tentacle.swift in Sources */ = {isa = PBXBuildFile; fileRef = BEFD8B981E38FE8B00214357 /* Tentacle.swift */; };
/* End PBXBuildFile section */

/* Begin PBXCopyFilesBuildPhase section */
		BEFD8B8A1E38FE7200214357 /* CopyFiles */ = {
			isa = PBXCopyFilesBuildPhase;
			buildActionMask = 2147483647;
			dstPath = /usr/share/man/man1/;
			dstSubfolderSpec = 0;
			files = (
			);
			runOnlyForDeploymentPostprocessing = 1;
		};
/* End PBXCopyFilesBuildPhase section */

/* Begin PBXFileReference section */
		BEFD8B8C1E38FE7200214357 /* DelegatiogRetainCycles */ = {isa = PBXFileReference; explicitFileType = "compiled.mach-o.executable"; includeInIndex = 0; path = DelegatiogRetainCycles; sourceTree = BUILT_PRODUCTS_DIR; };
		BEFD8B8F1E38FE7200214357 /* main.swift */ = {isa = PBXFileReference; lastKnownFileType = sourcecode.swift; path = main.swift; sourceTree = "<group>"; };
		BEFD8B961E38FE8B00214357 /* Kraken.swift */ = {isa = PBXFileReference; fileEncoding = 4; lastKnownFileType = sourcecode.swift; path = Kraken.swift; sourceTree = "<group>"; };
		BEFD8B971E38FE8B00214357 /* LossOfLimbDelegate.swift */ = {isa = PBXFileReference; fileEncoding = 4; lastKnownFileType = sourcecode.swift; path = LossOfLimbDelegate.swift; sourceTree = "<group>"; };
		BEFD8B981E38FE8B00214357 /* Tentacle.swift */ = {isa = PBXFileReference; fileEncoding = 4; lastKnownFileType = sourcecode.swift; path = Tentacle.swift; sourceTree = "<group>"; };
/* End PBXFileReference section */

/* Begin PBXFrameworksBuildPhase section */
		BEFD8B891E38FE7200214357 /* Frameworks */ = {
			isa = PBXFrameworksBuildPhase;
			buildActionMask = 2147483647;
			files = (
			);
			runOnlyForDeploymentPostprocessing = 0;
		};
/* End PBXFrameworksBuildPhase section */

/* Begin PBXGroup section */
		BEFD8B831E38FE7200214357 = {
			isa = PBXGroup;
			children = (
				BEFD8B8E1E38FE7200214357 /* DelegatiogRetainCycles */,
				BEFD8B8D1E38FE7200214357 /* Products */,
			);
			sourceTree = "<group>";
		};
		BEFD8B8D1E38FE7200214357 /* Products */ = {
			isa = PBXGroup;
			children = (
				BEFD8B8C1E38FE7200214357 /* DelegatiogRetainCycles */,
			);
			name = Products;
			sourceTree = "<group>";
		};
		BEFD8B8E1E38FE7200214357 /* DelegatiogRetainCycles */ = {
			isa = PBXGroup;
			children = (
				BEFD8B8F1E38FE7200214357 /* main.swift */,
				BEFD8B961E38FE8B00214357 /* Kraken.swift */,
				BEFD8B971E38FE8B00214357 /* LossOfLimbDelegate.swift */,
				BEFD8B981E38FE8B00214357 /* Tentacle.swift */,
			);
			path = DelegatiogRetainCycles;
			sourceTree = "<group>";
		};
/* End PBXGroup section */

/* Begin PBXNativeTarget section */
		BEFD8B8B1E38FE7200214357 /* DelegatiogRetainCycles */ = {
			isa = PBXNativeTarget;
			buildConfigurationList = BEFD8B931E38FE7200214357 /* Build configuration list for PBXNativeTarget "DelegatiogRetainCycles" */;
			buildPhases = (
				BEFD8B881E38FE7200214357 /* Sources */,
				BEFD8B891E38FE7200214357 /* Frameworks */,
				BEFD8B8A1E38FE7200214357 /* CopyFiles */,
			);
			buildRules = (
			);
			dependencies = (
			);
			name = DelegatiogRetainCycles;
			productName = DelegatiogRetainCycles;
			productReference = BEFD8B8C1E38FE7200214357 /* DelegatiogRetainCycles */;
			productType = "com.apple.product-type.tool";
		};
/* End PBXNativeTarget section */

/* Begin PBXProject section */
		BEFD8B841E38FE7200214357 /* Project object */ = {
			isa = PBXProject;
			attributes = {
				LastSwiftUpdateCheck = 0800;
				LastUpgradeCheck = 0800;
				ORGANIZATIONNAME = "Ben Smith";
				TargetAttributes = {
					BEFD8B8B1E38FE7200214357 = {
						CreatedOnToolsVersion = 8.0;
						ProvisioningStyle = Automatic;
					};
				};
			};
			buildConfigurationList = BEFD8B871E38FE7200214357 /* Build configuration list for PBXProject "DelegatiogRetainCycles" */;
			compatibilityVersion = "Xcode 3.2";
			developmentRegion = English;
			hasScannedForEncodings = 0;
			knownRegions = (
				en,
			);
			mainGroup = BEFD8B831E38FE7200214357;
			productRefGroup = BEFD8B8D1E38FE7200214357 /* Products */;
			projectDirPath = "";
			projectRoot = "";
			targets = (
				BEFD8B8B1E38FE7200214357 /* DelegatiogRetainCycles */,
			);
		};
/* End PBXProject section */

/* Begin PBXSourcesBuildPhase section */
		BEFD8B881E38FE7200214357 /* Sources */ = {
			isa = PBXSourcesBuildPhase;
			buildActionMask = 2147483647;
			files = (
				BEFD8B901E38FE7200214357 /* main.swift in Sources */,
				BEFD8B9B1E38FE8B00214357 /* Tentacle.swift in Sources */,
				BEFD8B991E38FE8B00214357 /* Kraken.swift in Sources */,
				BEFD8B9A1E38FE8B00214357 /* LossOfLimbDelegate.swift in Sources */,
			);
			runOnlyForDeploymentPostprocessing = 0;
		};
/* End PBXSourcesBuildPhase section */

/* Begin XCBuildConfiguration section */
		BEFD8B911E38FE7200214357 /* Debug */ = {
			isa = XCBuildConfiguration;
			buildSettings = {
				ALWAYS_SEARCH_USER_PATHS = NO;
				CLANG_ANALYZER_NONNULL = YES;
				CLANG_CXX_LANGUAGE_STANDARD = "gnu++0x";
				CLANG_CXX_LIBRARY = "libc++";
				CLANG_ENABLE_MODULES = YES;
				CLANG_ENABLE_OBJC_ARC = YES;
				CLANG_WARN_BOOL_CONVERSION = YES;
				CLANG_WARN_CONSTANT_CONVERSION = YES;
				CLANG_WARN_DIRECT_OBJC_ISA_USAGE = YES_ERROR;
				CLANG_WARN_DOCUMENTATION_COMMENTS = YES;
				CLANG_WARN_EMPTY_BODY = YES;
				CLANG_WARN_ENUM_CONVERSION = YES;
				CLANG_WARN_INFINITE_RECURSION = YES;
				CLANG_WARN_INT_CONVERSION = YES;
				CLANG_WARN_OBJC_ROOT_CLASS = YES_ERROR;
				CLANG_WARN_SUSPICIOUS_MOVES = YES;
				CLANG_WARN_UNREACHABLE_CODE = YES;
				CLANG_WARN__DUPLICATE_METHOD_MATCH = YES;
				CODE_SIGN_IDENTITY = "-";
				COPY_PHASE_STRIP = NO;
				DEBUG_INFORMATION_FORMAT = dwarf;
				ENABLE_STRICT_OBJC_MSGSEND = YES;
				ENABLE_TESTABILITY = YES;
				GCC_C_LANGUAGE_STANDARD = gnu99;
				GCC_DYNAMIC_NO_PIC = NO;
				GCC_NO_COMMON_BLOCKS = YES;
				GCC_OPTIMIZATION_LEVEL = 0;
				GCC_PREPROCESSOR_DEFINITIONS = (
					"DEBUG=1",
					"$(inherited)",
				);
				GCC_WARN_64_TO_32_BIT_CONVERSION = YES;
				GCC_WARN_ABOUT_RETURN_TYPE = YES_ERROR;
				GCC_WARN_UNDECLARED_SELECTOR = YES;
				GCC_WARN_UNINITIALIZED_AUTOS = YES_AGGRESSIVE;
				GCC_WARN_UNUSED_FUNCTION = YES;
				GCC_WARN_UNUSED_VARIABLE = YES;
				MACOSX_DEPLOYMENT_TARGET = 10.11;
				MTL_ENABLE_DEBUG_INFO = YES;
				ONLY_ACTIVE_ARCH = YES;
				SDKROOT = macosx;
				SWIFT_OPTIMIZATION_LEVEL = "-Onone";
			};
			name = Debug;
		};
		BEFD8B921E38FE7200214357 /* Release */ = {
			isa = XCBuildConfiguration;
			buildSettings = {
				ALWAYS_SEARCH_USER_PATHS = NO;
				CLANG_ANALYZER_NONNULL = YES;
				CLANG_CXX_LANGUAGE_STANDARD = "gnu++0x";
				CLANG_CXX_LIBRARY = "libc++";
				CLANG_ENABLE_MODULES = YES;
				CLANG_ENABLE_OBJC_ARC = YES;
				CLANG_WARN_BOOL_CONVERSION = YES;
				CLANG_WARN_CONSTANT_CONVERSION = YES;
				CLANG_WARN_DIRECT_OBJC_ISA_USAGE = YES_ERROR;
				CLANG_WARN_DOCUMENTATION_COMMENTS = YES;
				CLANG_WARN_EMPTY_BODY = YES;
				CLANG_WARN_ENUM_CONVERSION = YES;
				CLANG_WARN_INFINITE_RECURSION = YES;
				CLANG_WARN_INT_CONVERSION = YES;
				CLANG_WARN_OBJC_ROOT_CLASS = YES_ERROR;
				CLANG_WARN_SUSPICIOUS_MOVES = YES;
				CLANG_WARN_UNREACHABLE_CODE = YES;
				CLANG_WARN__DUPLICATE_METHOD_MATCH = YES;
				CODE_SIGN_IDENTITY = "-";
				COPY_PHASE_STRIP = NO;
				DEBUG_INFORMATION_FORMAT = "dwarf-with-dsym";
				ENABLE_NS_ASSERTIONS = NO;
				ENABLE_STRICT_OBJC_MSGSEND = YES;
				GCC_C_LANGUAGE_STANDARD = gnu99;
				GCC_NO_COMMON_BLOCKS = YES;
				GCC_WARN_64_TO_32_BIT_CONVERSION = YES;
				GCC_WARN_ABOUT_RETURN_TYPE = YES_ERROR;
				GCC_WARN_UNDECLARED_SELECTOR = YES;
				GCC_WARN_UNINITIALIZED_AUTOS = YES_AGGRESSIVE;
				GCC_WARN_UNUSED_FUNCTION = YES;
				GCC_WARN_UNUSED_VARIABLE = YES;
				MACOSX_DEPLOYMENT_TARGET = 10.11;
				MTL_ENABLE_DEBUG_INFO = NO;
				SDKROOT = macosx;
			};
			name = Release;
		};
		BEFD8B941E38FE7200214357 /* Debug */ = {
			isa = XCBuildConfiguration;
			buildSettings = {
				PRODUCT_NAME = "$(TARGET_NAME)";
				SWIFT_VERSION = 3.0;
			};
			name = Debug;
		};
		BEFD8B951E38FE7200214357 /* Release */ = {
			isa = XCBuildConfiguration;
			buildSettings = {
				PRODUCT_NAME = "$(TARGET_NAME)";
				SWIFT_VERSION = 3.0;
			};
			name = Release;
		};
/* End XCBuildConfiguration section */

/* Begin XCConfigurationList section */
		BEFD8B871E38FE7200214357 /* Build configuration list for PBXProject "DelegatiogRetainCycles" */ = {
			isa = XCConfigurationList;
			buildConfigurations = (
				BEFD8B911E38FE7200214357 /* Debug */,
				BEFD8B921E38FE7200214357 /* Release */,
			);
			defaultConfigurationIsVisible = 0;
			defaultConfigurationName = Release;
		};
		BEFD8B931E38FE7200214357 /* Build configuration list for PBXNativeTarget "DelegatiogRetainCycles" */ = {
			isa = XCConfigurationList;
			buildConfigurations = (
				BEFD8B941E38FE7200214357 /* Debug */,
				BEFD8B951E38FE7200214357 /* Release */,
			);
			defaultConfigurationIsVisible = 0;
		};
/* End XCConfigurationList section */
	};
	rootObject = BEFD8B841E38FE7200214357 /* Project object */;
}
